{
    "requires": true,
    "lockfileVersion": 1,
    "dependencies": {
        "events": {
            "version": "1.1.1",
            "resolved": "https://registry.npmjs.org/events/-/events-1.1.1.tgz",
            "integrity": "sha1-nr23Y1rQmccNzEwqH1AEKI6L2SQ="
        },
        "inherits": {
            "version": "2.0.3",
            "resolved": "https://registry.npmjs.org/inherits/-/inherits-2.0.3.tgz",
            "integrity": "sha1-Yzwsg+PaQqUC9SRmAiSA9CCCYd4="
        },
        "oscsocket": {
            "version": "0.1.8",
            "resolved": "https://registry.npmjs.org/oscsocket/-/oscsocket-0.1.8.tgz",
            "integrity": "sha1-8hDljI34+dnA6w97lkCYhCGwrRM=",
            "requires": {
                "events": "^1.0.2",
                "util": "^0.10.3"
            }
        },
        "util": {
            "version": "0.10.4",
            "resolved": "https://registry.npmjs.org/util/-/util-0.10.4.tgz",
            "integrity": "sha512-0Pm9hTQ3se5ll1XihRic3FDIku70C+iHUdT/W926rSgHV5QgXsYbKZN8MSC3tJtSkhuROzvsQjAaFENRXr+19A==",
            "requires": {
                "inherits": "2.0.3"
            }
        }
    }
}
